{
  "name": "coopcycle-date-picker",
  "version": "1.0.0",
  "lockfileVersion": 3,
  "requires": true,
  "packages": {
    "": {
      "name": "coopcycle-date-picker",
      "version": "1.0.0",
      "dependencies": {
        "@shopify/ui-extensions": "2024.7.0"
      }
    },
    "node_modules/@remote-ui/async-subscription": {
      "version": "2.1.18",
      "resolved": "https://registry.npmjs.org/@remote-ui/async-subscription/-/async-subscription-2.1.18.tgz",
      "integrity": "sha512-O+76qOiTGN6iJZBFncELNIBnhCbHAIYrsrG0n3SjmwXE9Gy6nl4xZoa5FqIcw5VPz7EAdwKBkFsRE5uyQB7FOw==",
      "license": "MIT",
      "dependencies": {
        "@remote-ui/rpc": "^1.4.7"
      }
    },
    "node_modules/@remote-ui/core": {
      "version": "2.2.7",
      "resolved": "https://registry.npmjs.org/@remote-ui/core/-/core-2.2.7.tgz",
      "integrity": "sha512-9eiTKy2eNKcT76xS0Dpz06ae2oClGAUUjx+HTDsz6fh7n/SS8Avid5N7GOaRiny/6T/cMJxaCeycMQJsEviGjA==",
      "license": "MIT",
      "dependencies": {
        "@remote-ui/rpc": "^1.4.7",
        "@remote-ui/types": "^1.1.3"
      }
    },
    "node_modules/@remote-ui/rpc": {
      "version": "1.4.7",
      "resolved": "https://registry.npmjs.org/@remote-ui/rpc/-/rpc-1.4.7.tgz",
      "integrity": "sha512-ORiaKsbVBSEi3Z4YWOj5Ucrp70NrkNktI1hdqqfBW7Z3o0YoxTX9MIqtLmsc6721IbjmExvLrLip5I5Y7uAbng==",
      "license": "MIT"
    },
    "node_modules/@remote-ui/types": {
      "version": "1.1.3",
      "resolved": "https://registry.npmjs.org/@remote-ui/types/-/types-1.1.3.tgz",
      "integrity": "sha512-P1kN1F3p0oMgnLN8Of1Ie9am3sLvJ7nhqHH1pvzkrxqjVwhhyPVZNcwOHyUNZPKp62izhDavdrcnqrdXzVJqGA==",
      "license": "MIT"
    },
    "node_modules/@shopify/ui-extensions": {
      "version": "2024.7.0",
      "resolved": "https://registry.npmjs.org/@shopify/ui-extensions/-/ui-extensions-2024.7.0.tgz",
      "integrity": "sha512-q+Q2owY78W94FzROYU6RPl7t/soCnCaY49uSbePaxuPd3obydkLKbjSrcyTkzL9obC6rbX6dhx2i15ah8ww22Q==",
      "license": "MIT",
      "dependencies": {
        "@remote-ui/async-subscription": "^2.1.12",
        "@remote-ui/core": "^2.2.4"
      }
    }
  }
}
