dependencies:
- name: postgresql
  repository: https://charts.bitnami.com/bitnami/
  version: 14.3.3
- name: minio
  repository: https://charts.bitnami.com/bitnami/
  version: 14.0.0
- name: redis
  repository: https://charts.bitnami.com/bitnami/
  version: 19.6.4
- name: centrifugo
  repository: https://centrifugal.github.io/helm-charts
  version: 8.0.0
- name: tile38
  repository: file://../tile38
  version: 1.33.1
- name: typesense
  repository: file://../typesense
  version: 0.22.2
- name: osrm
  repository: file://../osrm
  version: 0.1.0
- name: mjml
  repository: file://../mjml
  version: 2.4.0
- name: smtp
  repository: file://../smtp
  version: 0.0.4
digest: sha256:b358c57e08f0cc4bf09dce9a5b87a1318c4cf75d6df0a6c8f9492dfc62a1c23e
generated: "2024-09-11T11:04:04.170571-07:00"
