dependencies:
- name: postgresql
  repository: https://charts.bitnami.com/bitnami/
  version: 14.3.3
- name: redis
  repository: https://charts.bitnami.com/bitnami/
  version: 19.6.4
- name: minio
  repository: https://charts.bitnami.com/bitnami/
  version: 14.0.0
digest: sha256:4162c13794c58dd841e4ed568c05d3b384f3198b714c15f5a799a4a6cd1fbd4e
generated: "2024-07-31T09:58:00.760018-07:00"
